// !$*UTF8*$!
{
	archiveVersion = 1;
	classes = {
	};
	objectVersion = 55;
	objects = {

/* Begin PBXBuildFile section */
		144D0805284D34E50005F0C6 /* Tests_iOS.swift in Sources */ = {isa = PBXBuildFile; fileRef = 144D0804284D34E50005F0C6 /* Tests_iOS.swift */; };
		144D0807284D34E50005F0C6 /* Tests_iOSLaunchTests.swift in Sources */ = {isa = PBXBuildFile; fileRef = 144D0806284D34E50005F0C6 /* Tests_iOSLaunchTests.swift */; };
		144D0811284D34E50005F0C6 /* Tests_macOS.swift in Sources */ = {isa = PBXBuildFile; fileRef = 144D0810284D34E50005F0C6 /* Tests_macOS.swift */; };
		144D0813284D34E50005F0C6 /* Tests_macOSLaunchTests.swift in Sources */ = {isa = PBXBuildFile; fileRef = 144D0812284D34E50005F0C6 /* Tests_macOSLaunchTests.swift */; };
		144D0814284D34E50005F0C6 /* rejseprofilApp.swift in Sources */ = {isa = PBXBuildFile; fileRef = 144D07EC284D34E00005F0C6 /* rejseprofilApp.swift */; };
		144D0815284D34E50005F0C6 /* rejseprofilApp.swift in Sources */ = {isa = PBXBuildFile; fileRef = 144D07EC284D34E00005F0C6 /* rejseprofilApp.swift */; };
		144D0816284D34E50005F0C6 /* ContentView.swift in Sources */ = {isa = PBXBuildFile; fileRef = 144D07ED284D34E00005F0C6 /* ContentView.swift */; };
		144D0817284D34E50005F0C6 /* ContentView.swift in Sources */ = {isa = PBXBuildFile; fileRef = 144D07ED284D34E00005F0C6 /* ContentView.swift */; };
		144D0818284D34E50005F0C6 /* Assets.xcassets in Resources */ = {isa = PBXBuildFile; fileRef = 144D07EE284D34E50005F0C6 /* Assets.xcassets */; };
		144D0819284D34E50005F0C6 /* Assets.xcassets in Resources */ = {isa = PBXBuildFile; fileRef = 144D07EE284D34E50005F0C6 /* Assets.xcassets */; };
		2B84DBBAF1DE02324F71192A /* Pods_rejseprofil__iOS_.framework in Frameworks */ = {isa = PBXBuildFile; fileRef = D55ED42B3D1DAFE9D14D2589 /* Pods_rejseprofil__iOS_.framework */; };
		9C88843BA43F7766CD43635E /* Pods_rejseprofil__macOS_.framework in Frameworks */ = {isa = PBXBuildFile; fileRef = E2FAFCB0B8FC229523269DE1 /* Pods_rejseprofil__macOS_.framework */; };
/* End PBXBuildFile section */

/* Begin PBXContainerItemProxy section */
		144D0801284D34E50005F0C6 /* PBXContainerItemProxy */ = {
			isa = PBXContainerItemProxy;
			containerPortal = 144D07E7284D34E00005F0C6 /* Project object */;
			proxyType = 1;
			remoteGlobalIDString = 144D07F2284D34E50005F0C6;
			remoteInfo = "rejseprofil (iOS)";
		};
		144D080D284D34E50005F0C6 /* PBXContainerItemProxy */ = {
			isa = PBXContainerItemProxy;
			containerPortal = 144D07E7284D34E00005F0C6 /* Project object */;
			proxyType = 1;
			remoteGlobalIDString = 144D07F8284D34E50005F0C6;
			remoteInfo = "rejseprofil (macOS)";
		};
/* End PBXContainerItemProxy section */

/* Begin PBXFileReference section */
		04EBA0C54089AC4813F03D30 /* Pods-rejseprofil (iOS).release.xcconfig */ = {isa = PBXFileReference; includeInIndex = 1; lastKnownFileType = text.xcconfig; name = "Pods-rejseprofil (iOS).release.xcconfig"; path = "Target Support Files/Pods-rejseprofil (iOS)/Pods-rejseprofil (iOS).release.xcconfig"; sourceTree = "<group>"; };
		144D07EC284D34E00005F0C6 /* rejseprofilApp.swift */ = {isa = PBXFileReference; lastKnownFileType = sourcecode.swift; path = rejseprofilApp.swift; sourceTree = "<group>"; };
		144D07ED284D34E00005F0C6 /* ContentView.swift */ = {isa = PBXFileReference; lastKnownFileType = sourcecode.swift; path = ContentView.swift; sourceTree = "<group>"; };
		144D07EE284D34E50005F0C6 /* Assets.xcassets */ = {isa = PBXFileReference; lastKnownFileType = folder.assetcatalog; path = Assets.xcassets; sourceTree = "<group>"; };
		144D07F3284D34E50005F0C6 /* rejseprofil.app */ = {isa = PBXFileReference; explicitFileType = wrapper.application; includeInIndex = 0; path = rejseprofil.app; sourceTree = BUILT_PRODUCTS_DIR; };
		144D07F9284D34E50005F0C6 /* rejseprofil.app */ = {isa = PBXFileReference; explicitFileType = wrapper.application; includeInIndex = 0; path = rejseprofil.app; sourceTree = BUILT_PRODUCTS_DIR; };
		144D07FB284D34E50005F0C6 /* macOS.entitlements */ = {isa = PBXFileReference; lastKnownFileType = text.plist.entitlements; path = macOS.entitlements; sourceTree = "<group>"; };
		144D0800284D34E50005F0C6 /* Tests iOS.xctest */ = {isa = PBXFileReference; explicitFileType = wrapper.cfbundle; includeInIndex = 0; path = "Tests iOS.xctest"; sourceTree = BUILT_PRODUCTS_DIR; };
		144D0804284D34E50005F0C6 /* Tests_iOS.swift */ = {isa = PBXFileReference; lastKnownFileType = sourcecode.swift; path = Tests_iOS.swift; sourceTree = "<group>"; };
		144D0806284D34E50005F0C6 /* Tests_iOSLaunchTests.swift */ = {isa = PBXFileReference; lastKnownFileType = sourcecode.swift; path = Tests_iOSLaunchTests.swift; sourceTree = "<group>"; };
		144D080C284D34E50005F0C6 /* Tests macOS.xctest */ = {isa = PBXFileReference; explicitFileType = wrapper.cfbundle; includeInIndex = 0; path = "Tests macOS.xctest"; sourceTree = BUILT_PRODUCTS_DIR; };
		144D0810284D34E50005F0C6 /* Tests_macOS.swift */ = {isa = PBXFileReference; lastKnownFileType = sourcecode.swift; path = Tests_macOS.swift; sourceTree = "<group>"; };
		144D0812284D34E50005F0C6 /* Tests_macOSLaunchTests.swift */ = {isa = PBXFileReference; lastKnownFileType = sourcecode.swift; path = Tests_macOSLaunchTests.swift; sourceTree = "<group>"; };
		9D37FF4B3753588E4D831EFA /* Pods-rejseprofil (iOS).debug.xcconfig */ = {isa = PBXFileReference; includeInIndex = 1; lastKnownFileType = text.xcconfig; name = "Pods-rejseprofil (iOS).debug.xcconfig"; path = "Target Support Files/Pods-rejseprofil (iOS)/Pods-rejseprofil (iOS).debug.xcconfig"; sourceTree = "<group>"; };
		B962433F36593D3D43F70E03 /* Pods-rejseprofil (macOS).release.xcconfig */ = {isa = PBXFileReference; includeInIndex = 1; lastKnownFileType = text.xcconfig; name = "Pods-rejseprofil (macOS).release.xcconfig"; path = "Target Support Files/Pods-rejseprofil (macOS)/Pods-rejseprofil (macOS).release.xcconfig"; sourceTree = "<group>"; };
		D55ED42B3D1DAFE9D14D2589 /* Pods_rejseprofil__iOS_.framework */ = {isa = PBXFileReference; explicitFileType = wrapper.framework; includeInIndex = 0; path = Pods_rejseprofil__iOS_.framework; sourceTree = BUILT_PRODUCTS_DIR; };
		E0082ACF185FB93B75C438EB /* Pods-rejseprofil (macOS).debug.xcconfig */ = {isa = PBXFileReference; includeInIndex = 1; lastKnownFileType = text.xcconfig; name = "Pods-rejseprofil (macOS).debug.xcconfig"; path = "Target Support Files/Pods-rejseprofil (macOS)/Pods-rejseprofil (macOS).debug.xcconfig"; sourceTree = "<group>"; };
		E2FAFCB0B8FC229523269DE1 /* Pods_rejseprofil__macOS_.framework */ = {isa = PBXFileReference; explicitFileType = wrapper.framework; includeInIndex = 0; path = Pods_rejseprofil__macOS_.framework; sourceTree = BUILT_PRODUCTS_DIR; };
/* End PBXFileReference section */

/* Begin PBXFrameworksBuildPhase section */
		144D07F0284D34E50005F0C6 /* Frameworks */ = {
			isa = PBXFrameworksBuildPhase;
			buildActionMask = 2147483647;
			files = (
				2B84DBBAF1DE02324F71192A /* Pods_rejseprofil__iOS_.framework in Frameworks */,
			);
			runOnlyForDeploymentPostprocessing = 0;
		};
		144D07F6284D34E50005F0C6 /* Frameworks */ = {
			isa = PBXFrameworksBuildPhase;
			buildActionMask = 2147483647;
			files = (
				9C88843BA43F7766CD43635E /* Pods_rejseprofil__macOS_.framework in Frameworks */,
			);
			runOnlyForDeploymentPostprocessing = 0;
		};
		144D07FD284D34E50005F0C6 /* Frameworks */ = {
			isa = PBXFrameworksBuildPhase;
			buildActionMask = 2147483647;
			files = (
			);
			runOnlyForDeploymentPostprocessing = 0;
		};
		144D0809284D34E50005F0C6 /* Frameworks */ = {
			isa = PBXFrameworksBuildPhase;
			buildActionMask = 2147483647;
			files = (
			);
			runOnlyForDeploymentPostprocessing = 0;
		};
/* End PBXFrameworksBuildPhase section */

/* Begin PBXGroup section */
		144D07E6284D34E00005F0C6 = {
			isa = PBXGroup;
			children = (
				144D07EB284D34E00005F0C6 /* Shared */,
				144D07FA284D34E50005F0C6 /* macOS */,
				144D0803284D34E50005F0C6 /* Tests iOS */,
				144D080F284D34E50005F0C6 /* Tests macOS */,
				144D07F4284D34E50005F0C6 /* Products */,
				94E19CE66853F1DB729E4EDE /* Pods */,
				F20AF9DDE09F91F829B2105B /* Frameworks */,
			);
			sourceTree = "<group>";
		};
		144D07EB284D34E00005F0C6 /* Shared */ = {
			isa = PBXGroup;
			children = (
				144D07EC284D34E00005F0C6 /* rejseprofilApp.swift */,
				144D07ED284D34E00005F0C6 /* ContentView.swift */,
				144D07EE284D34E50005F0C6 /* Assets.xcassets */,
			);
			path = Shared;
			sourceTree = "<group>";
		};
		144D07F4284D34E50005F0C6 /* Products */ = {
			isa = PBXGroup;
			children = (
				144D07F3284D34E50005F0C6 /* rejseprofil.app */,
				144D07F9284D34E50005F0C6 /* rejseprofil.app */,
				144D0800284D34E50005F0C6 /* Tests iOS.xctest */,
				144D080C284D34E50005F0C6 /* Tests macOS.xctest */,
			);
			name = Products;
			sourceTree = "<group>";
		};
		144D07FA284D34E50005F0C6 /* macOS */ = {
			isa = PBXGroup;
			children = (
				144D07FB284D34E50005F0C6 /* macOS.entitlements */,
			);
			path = macOS;
			sourceTree = "<group>";
		};
		144D0803284D34E50005F0C6 /* Tests iOS */ = {
			isa = PBXGroup;
			children = (
				144D0804284D34E50005F0C6 /* Tests_iOS.swift */,
				144D0806284D34E50005F0C6 /* Tests_iOSLaunchTests.swift */,
			);
			path = "Tests iOS";
			sourceTree = "<group>";
		};
		144D080F284D34E50005F0C6 /* Tests macOS */ = {
			isa = PBXGroup;
			children = (
				144D0810284D34E50005F0C6 /* Tests_macOS.swift */,
				144D0812284D34E50005F0C6 /* Tests_macOSLaunchTests.swift */,
			);
			path = "Tests macOS";
			sourceTree = "<group>";
		};
		94E19CE66853F1DB729E4EDE /* Pods */ = {
			isa = PBXGroup;
			children = (
				9D37FF4B3753588E4D831EFA /* Pods-rejseprofil (iOS).debug.xcconfig */,
				04EBA0C54089AC4813F03D30 /* Pods-rejseprofil (iOS).release.xcconfig */,
				E0082ACF185FB93B75C438EB /* Pods-rejseprofil (macOS).debug.xcconfig */,
				B962433F36593D3D43F70E03 /* Pods-rejseprofil (macOS).release.xcconfig */,
			);
			name = Pods;
			path = Pods;
			sourceTree = "<group>";
		};
		F20AF9DDE09F91F829B2105B /* Frameworks */ = {
			isa = PBXGroup;
			children = (
				D55ED42B3D1DAFE9D14D2589 /* Pods_rejseprofil__iOS_.framework */,
				E2FAFCB0B8FC229523269DE1 /* Pods_rejseprofil__macOS_.framework */,
			);
			name = Frameworks;
			sourceTree = "<group>";
		};
/* End PBXGroup section */

/* Begin PBXNativeTarget section */
		144D07F2284D34E50005F0C6 /* rejseprofil (iOS) */ = {
			isa = PBXNativeTarget;
			buildConfigurationList = 144D081C284D34E50005F0C6 /* Build configuration list for PBXNativeTarget "rejseprofil (iOS)" */;
			buildPhases = (
				A03B18429979384B161B8515 /* [CP] Check Pods Manifest.lock */,
				144D07EF284D34E50005F0C6 /* Sources */,
				144D07F0284D34E50005F0C6 /* Frameworks */,
				144D07F1284D34E50005F0C6 /* Resources */,
				1DC195A6B265E429C5E3B52A /* [CP] Embed Pods Frameworks */,
			);
			buildRules = (
			);
			dependencies = (
			);
			name = "rejseprofil (iOS)";
			productName = "rejseprofil (iOS)";
			productReference = 144D07F3284D34E50005F0C6 /* rejseprofil.app */;
			productType = "com.apple.product-type.application";
		};
		144D07F8284D34E50005F0C6 /* rejseprofil (macOS) */ = {
			isa = PBXNativeTarget;
			buildConfigurationList = 144D081F284D34E50005F0C6 /* Build configuration list for PBXNativeTarget "rejseprofil (macOS)" */;
			buildPhases = (
				447430E557B371008CBF60C4 /* [CP] Check Pods Manifest.lock */,
				144D07F5284D34E50005F0C6 /* Sources */,
				144D07F6284D34E50005F0C6 /* Frameworks */,
				144D07F7284D34E50005F0C6 /* Resources */,
				AFD0868C401A69AEE0E67DFA /* [CP] Embed Pods Frameworks */,
			);
			buildRules = (
			);
			dependencies = (
			);
			name = "rejseprofil (macOS)";
			productName = "rejseprofil (macOS)";
			productReference = 144D07F9284D34E50005F0C6 /* rejseprofil.app */;
			productType = "com.apple.product-type.application";
		};
		144D07FF284D34E50005F0C6 /* Tests iOS */ = {
			isa = PBXNativeTarget;
			buildConfigurationList = 144D0822284D34E50005F0C6 /* Build configuration list for PBXNativeTarget "Tests iOS" */;
			buildPhases = (
				144D07FC284D34E50005F0C6 /* Sources */,
				144D07FD284D34E50005F0C6 /* Frameworks */,
				144D07FE284D34E50005F0C6 /* Resources */,
			);
			buildRules = (
			);
			dependencies = (
				144D0802284D34E50005F0C6 /* PBXTargetDependency */,
			);
			name = "Tests iOS";
			productName = "Tests iOS";
			productReference = 144D0800284D34E50005F0C6 /* Tests iOS.xctest */;
			productType = "com.apple.product-type.bundle.ui-testing";
		};
		144D080B284D34E50005F0C6 /* Tests macOS */ = {
			isa = PBXNativeTarget;
			buildConfigurationList = 144D0825284D34E50005F0C6 /* Build configuration list for PBXNativeTarget "Tests macOS" */;
			buildPhases = (
				144D0808284D34E50005F0C6 /* Sources */,
				144D0809284D34E50005F0C6 /* Frameworks */,
				144D080A284D34E50005F0C6 /* Resources */,
			);
			buildRules = (
			);
			dependencies = (
				144D080E284D34E50005F0C6 /* PBXTargetDependency */,
			);
			name = "Tests macOS";
			productName = "Tests macOS";
			productReference = 144D080C284D34E50005F0C6 /* Tests macOS.xctest */;
			productType = "com.apple.product-type.bundle.ui-testing";
		};
/* End PBXNativeTarget section */

/* Begin PBXProject section */
		144D07E7284D34E00005F0C6 /* Project object */ = {
			isa = PBXProject;
			attributes = {
				BuildIndependentTargetsInParallel = 1;
				LastSwiftUpdateCheck = 1330;
				LastUpgradeCheck = 1330;
				TargetAttributes = {
					144D07F2284D34E50005F0C6 = {
						CreatedOnToolsVersion = 13.3.1;
					};
					144D07F8284D34E50005F0C6 = {
						CreatedOnToolsVersion = 13.3.1;
					};
					144D07FF284D34E50005F0C6 = {
						CreatedOnToolsVersion = 13.3.1;
						TestTargetID = 144D07F2284D34E50005F0C6;
					};
					144D080B284D34E50005F0C6 = {
						CreatedOnToolsVersion = 13.3.1;
						TestTargetID = 144D07F8284D34E50005F0C6;
					};
				};
			};
			buildConfigurationList = 144D07EA284D34E00005F0C6 /* Build configuration list for PBXProject "rejseprofil" */;
			compatibilityVersion = "Xcode 13.0";
			developmentRegion = en;
			hasScannedForEncodings = 0;
			knownRegions = (
				en,
				Base,
			);
			mainGroup = 144D07E6284D34E00005F0C6;
			productRefGroup = 144D07F4284D34E50005F0C6 /* Products */;
			projectDirPath = "";
			projectRoot = "";
			targets = (
				144D07F2284D34E50005F0C6 /* rejseprofil (iOS) */,
				144D07F8284D34E50005F0C6 /* rejseprofil (macOS) */,
				144D07FF284D34E50005F0C6 /* Tests iOS */,
				144D080B284D34E50005F0C6 /* Tests macOS */,
			);
		};
/* End PBXProject section */

/* Begin PBXResourcesBuildPhase section */
		144D07F1284D34E50005F0C6 /* Resources */ = {
			isa = PBXResourcesBuildPhase;
			buildActionMask = 2147483647;
			files = (
				144D0818284D34E50005F0C6 /* Assets.xcassets in Resources */,
			);
			runOnlyForDeploymentPostprocessing = 0;
		};
		144D07F7284D34E50005F0C6 /* Resources */ = {
			isa = PBXResourcesBuildPhase;
			buildActionMask = 2147483647;
			files = (
				144D0819284D34E50005F0C6 /* Assets.xcassets in Resources */,
			);
			runOnlyForDeploymentPostprocessing = 0;
		};
		144D07FE284D34E50005F0C6 /* Resources */ = {
			isa = PBXResourcesBuildPhase;
			buildActionMask = 2147483647;
			files = (
			);
			runOnlyForDeploymentPostprocessing = 0;
		};
		144D080A284D34E50005F0C6 /* Resources */ = {
			isa = PBXResourcesBuildPhase;
			buildActionMask = 2147483647;
			files = (
			);
			runOnlyForDeploymentPostprocessing = 0;
		};
/* End PBXResourcesBuildPhase section */

/* Begin PBXShellScriptBuildPhase section */
		1DC195A6B265E429C5E3B52A /* [CP] Embed Pods Frameworks */ = {
			isa = PBXShellScriptBuildPhase;
			buildActionMask = 2147483647;
			files = (
			);
			inputFileListPaths = (
				"${PODS_ROOT}/Target Support Files/Pods-rejseprofil (iOS)/Pods-rejseprofil (iOS)-frameworks-${CONFIGURATION}-input-files.xcfilelist",
			);
			name = "[CP] Embed Pods Frameworks";
			outputFileListPaths = (
				"${PODS_ROOT}/Target Support Files/Pods-rejseprofil (iOS)/Pods-rejseprofil (iOS)-frameworks-${CONFIGURATION}-output-files.xcfilelist",
			);
			runOnlyForDeploymentPostprocessing = 0;
			shellPath = /bin/sh;
			shellScript = "\"${PODS_ROOT}/Target Support Files/Pods-rejseprofil (iOS)/Pods-rejseprofil (iOS)-frameworks.sh\"\n";
			showEnvVarsInLog = 0;
		};
		447430E557B371008CBF60C4 /* [CP] Check Pods Manifest.lock */ = {
			isa = PBXShellScriptBuildPhase;
			buildActionMask = 2147483647;
			files = (
			);
			inputFileListPaths = (
			);
			inputPaths = (
				"${PODS_PODFILE_DIR_PATH}/Podfile.lock",
				"${PODS_ROOT}/Manifest.lock",
			);
			name = "[CP] Check Pods Manifest.lock";
			outputFileListPaths = (
			);
			outputPaths = (
				"$(DERIVED_FILE_DIR)/Pods-rejseprofil (macOS)-checkManifestLockResult.txt",
			);
			runOnlyForDeploymentPostprocessing = 0;
			shellPath = /bin/sh;
			shellScript = "diff \"${PODS_PODFILE_DIR_PATH}/Podfile.lock\" \"${PODS_ROOT}/Manifest.lock\" > /dev/null\nif [ $? != 0 ] ; then\n    # print error to STDERR\n    echo \"error: The sandbox is not in sync with the Podfile.lock. Run 'pod install' or update your CocoaPods installation.\" >&2\n    exit 1\nfi\n# This output is used by Xcode 'outputs' to avoid re-running this script phase.\necho \"SUCCESS\" > \"${SCRIPT_OUTPUT_FILE_0}\"\n";
			showEnvVarsInLog = 0;
		};
		A03B18429979384B161B8515 /* [CP] Check Pods Manifest.lock */ = {
			isa = PBXShellScriptBuildPhase;
			buildActionMask = 2147483647;
			files = (
			);
			inputFileListPaths = (
			);
			inputPaths = (
				"${PODS_PODFILE_DIR_PATH}/Podfile.lock",
				"${PODS_ROOT}/Manifest.lock",
			);
			name = "[CP] Check Pods Manifest.lock";
			outputFileListPaths = (
			);
			outputPaths = (
				"$(DERIVED_FILE_DIR)/Pods-rejseprofil (iOS)-checkManifestLockResult.txt",
			);
			runOnlyForDeploymentPostprocessing = 0;
			shellPath = /bin/sh;
			shellScript = "diff \"${PODS_PODFILE_DIR_PATH}/Podfile.lock\" \"${PODS_ROOT}/Manifest.lock\" > /dev/null\nif [ $? != 0 ] ; then\n    # print error to STDERR\n    echo \"error: The sandbox is not in sync with the Podfile.lock. Run 'pod install' or update your CocoaPods installation.\" >&2\n    exit 1\nfi\n# This output is used by Xcode 'outputs' to avoid re-running this script phase.\necho \"SUCCESS\" > \"${SCRIPT_OUTPUT_FILE_0}\"\n";
			showEnvVarsInLog = 0;
		};
		AFD0868C401A69AEE0E67DFA /* [CP] Embed Pods Frameworks */ = {
			isa = PBXShellScriptBuildPhase;
			buildActionMask = 2147483647;
			files = (
			);
			inputFileListPaths = (
				"${PODS_ROOT}/Target Support Files/Pods-rejseprofil (macOS)/Pods-rejseprofil (macOS)-frameworks-${CONFIGURATION}-input-files.xcfilelist",
			);
			name = "[CP] Embed Pods Frameworks";
			outputFileListPaths = (
				"${PODS_ROOT}/Target Support Files/Pods-rejseprofil (macOS)/Pods-rejseprofil (macOS)-frameworks-${CONFIGURATION}-output-files.xcfilelist",
			);
			runOnlyForDeploymentPostprocessing = 0;
			shellPath = /bin/sh;
			shellScript = "\"${PODS_ROOT}/Target Support Files/Pods-rejseprofil (macOS)/Pods-rejseprofil (macOS)-frameworks.sh\"\n";
			showEnvVarsInLog = 0;
		};
/* End PBXShellScriptBuildPhase section */

/* Begin PBXSourcesBuildPhase section */
		144D07EF284D34E50005F0C6 /* Sources */ = {
			isa = PBXSourcesBuildPhase;
			buildActionMask = 2147483647;
			files = (
				144D0816284D34E50005F0C6 /* ContentView.swift in Sources */,
				144D0814284D34E50005F0C6 /* rejseprofilApp.swift in Sources */,
			);
			runOnlyForDeploymentPostprocessing = 0;
		};
		144D07F5284D34E50005F0C6 /* Sources */ = {
			isa = PBXSourcesBuildPhase;
			buildActionMask = 2147483647;
			files = (
				144D0817284D34E50005F0C6 /* ContentView.swift in Sources */,
				144D0815284D34E50005F0C6 /* rejseprofilApp.swift in Sources */,
			);
			runOnlyForDeploymentPostprocessing = 0;
		};
		144D07FC284D34E50005F0C6 /* Sources */ = {
			isa = PBXSourcesBuildPhase;
			buildActionMask = 2147483647;
			files = (
				144D0807284D34E50005F0C6 /* Tests_iOSLaunchTests.swift in Sources */,
				144D0805284D34E50005F0C6 /* Tests_iOS.swift in Sources */,
			);
			runOnlyForDeploymentPostprocessing = 0;
		};
		144D0808284D34E50005F0C6 /* Sources */ = {
			isa = PBXSourcesBuildPhase;
			buildActionMask = 2147483647;
			files = (
				144D0813284D34E50005F0C6 /* Tests_macOSLaunchTests.swift in Sources */,
				144D0811284D34E50005F0C6 /* Tests_macOS.swift in Sources */,
			);
			runOnlyForDeploymentPostprocessing = 0;
		};
/* End PBXSourcesBuildPhase section */

/* Begin PBXTargetDependency section */
		144D0802284D34E50005F0C6 /* PBXTargetDependency */ = {
			isa = PBXTargetDependency;
			target = 144D07F2284D34E50005F0C6 /* rejseprofil (iOS) */;
			targetProxy = 144D0801284D34E50005F0C6 /* PBXContainerItemProxy */;
		};
		144D080E284D34E50005F0C6 /* PBXTargetDependency */ = {
			isa = PBXTargetDependency;
			target = 144D07F8284D34E50005F0C6 /* rejseprofil (macOS) */;
			targetProxy = 144D080D284D34E50005F0C6 /* PBXContainerItemProxy */;
		};
/* End PBXTargetDependency section */

/* Begin XCBuildConfiguration section */
		144D081A284D34E50005F0C6 /* Debug */ = {
			isa = XCBuildConfiguration;
			buildSettings = {
				ALWAYS_SEARCH_USER_PATHS = NO;
				CLANG_ANALYZER_NONNULL = YES;
				CLANG_ANALYZER_NUMBER_OBJECT_CONVERSION = YES_AGGRESSIVE;
				CLANG_CXX_LANGUAGE_STANDARD = "gnu++17";
				CLANG_ENABLE_MODULES = YES;
				CLANG_ENABLE_OBJC_ARC = YES;
				CLANG_ENABLE_OBJC_WEAK = YES;
				CLANG_WARN_BLOCK_CAPTURE_AUTORELEASING = YES;
				CLANG_WARN_BOOL_CONVERSION = YES;
				CLANG_WARN_COMMA = YES;
				CLANG_WARN_CONSTANT_CONVERSION = YES;
				CLANG_WARN_DEPRECATED_OBJC_IMPLEMENTATIONS = YES;
				CLANG_WARN_DIRECT_OBJC_ISA_USAGE = YES_ERROR;
				CLANG_WARN_DOCUMENTATION_COMMENTS = YES;
				CLANG_WARN_EMPTY_BODY = YES;
				CLANG_WARN_ENUM_CONVERSION = YES;
				CLANG_WARN_INFINITE_RECURSION = YES;
				CLANG_WARN_INT_CONVERSION = YES;
				CLANG_WARN_NON_LITERAL_NULL_CONVERSION = YES;
				CLANG_WARN_OBJC_IMPLICIT_RETAIN_SELF = YES;
				CLANG_WARN_OBJC_LITERAL_CONVERSION = YES;
				CLANG_WARN_OBJC_ROOT_CLASS = YES_ERROR;
				CLANG_WARN_QUOTED_INCLUDE_IN_FRAMEWORK_HEADER = YES;
				CLANG_WARN_RANGE_LOOP_ANALYSIS = YES;
				CLANG_WARN_STRICT_PROTOTYPES = YES;
				CLANG_WARN_SUSPICIOUS_MOVE = YES;
				CLANG_WARN_UNGUARDED_AVAILABILITY = YES_AGGRESSIVE;
				CLANG_WARN_UNREACHABLE_CODE = YES;
				CLANG_WARN__DUPLICATE_METHOD_MATCH = YES;
				COPY_PHASE_STRIP = NO;
				DEBUG_INFORMATION_FORMAT = dwarf;
				ENABLE_STRICT_OBJC_MSGSEND = YES;
				ENABLE_TESTABILITY = YES;
				GCC_C_LANGUAGE_STANDARD = gnu11;
				GCC_DYNAMIC_NO_PIC = NO;
				GCC_NO_COMMON_BLOCKS = YES;
				GCC_OPTIMIZATION_LEVEL = 0;
				GCC_PREPROCESSOR_DEFINITIONS = (
					"DEBUG=1",
					"$(inherited)",
				);
				GCC_WARN_64_TO_32_BIT_CONVERSION = YES;
				GCC_WARN_ABOUT_RETURN_TYPE = YES_ERROR;
				GCC_WARN_UNDECLARED_SELECTOR = YES;
				GCC_WARN_UNINITIALIZED_AUTOS = YES_AGGRESSIVE;
				GCC_WARN_UNUSED_FUNCTION = YES;
				GCC_WARN_UNUSED_VARIABLE = YES;
				MTL_ENABLE_DEBUG_INFO = INCLUDE_SOURCE;
				MTL_FAST_MATH = YES;
				ONLY_ACTIVE_ARCH = YES;
				SWIFT_ACTIVE_COMPILATION_CONDITIONS = DEBUG;
				SWIFT_OPTIMIZATION_LEVEL = "-Onone";
			};
			name = Debug;
		};
		144D081B284D34E50005F0C6 /* Release */ = {
			isa = XCBuildConfiguration;
			buildSettings = {
				ALWAYS_SEARCH_USER_PATHS = NO;
				CLANG_ANALYZER_NONNULL = YES;
				CLANG_ANALYZER_NUMBER_OBJECT_CONVERSION = YES_AGGRESSIVE;
				CLANG_CXX_LANGUAGE_STANDARD = "gnu++17";
				CLANG_ENABLE_MODULES = YES;
				CLANG_ENABLE_OBJC_ARC = YES;
				CLANG_ENABLE_OBJC_WEAK = YES;
				CLANG_WARN_BLOCK_CAPTURE_AUTORELEASING = YES;
				CLANG_WARN_BOOL_CONVERSION = YES;
				CLANG_WARN_COMMA = YES;
				CLANG_WARN_CONSTANT_CONVERSION = YES;
				CLANG_WARN_DEPRECATED_OBJC_IMPLEMENTATIONS = YES;
				CLANG_WARN_DIRECT_OBJC_ISA_USAGE = YES_ERROR;
				CLANG_WARN_DOCUMENTATION_COMMENTS = YES;
				CLANG_WARN_EMPTY_BODY = YES;
				CLANG_WARN_ENUM_CONVERSION = YES;
				CLANG_WARN_INFINITE_RECURSION = YES;
				CLANG_WARN_INT_CONVERSION = YES;
				CLANG_WARN_NON_LITERAL_NULL_CONVERSION = YES;
				CLANG_WARN_OBJC_IMPLICIT_RETAIN_SELF = YES;
				CLANG_WARN_OBJC_LITERAL_CONVERSION = YES;
				CLANG_WARN_OBJC_ROOT_CLASS = YES_ERROR;
				CLANG_WARN_QUOTED_INCLUDE_IN_FRAMEWORK_HEADER = YES;
				CLANG_WARN_RANGE_LOOP_ANALYSIS = YES;
				CLANG_WARN_STRICT_PROTOTYPES = YES;
				CLANG_WARN_SUSPICIOUS_MOVE = YES;
				CLANG_WARN_UNGUARDED_AVAILABILITY = YES_AGGRESSIVE;
				CLANG_WARN_UNREACHABLE_CODE = YES;
				CLANG_WARN__DUPLICATE_METHOD_MATCH = YES;
				COPY_PHASE_STRIP = NO;
				DEBUG_INFORMATION_FORMAT = "dwarf-with-dsym";
				ENABLE_NS_ASSERTIONS = NO;
				ENABLE_STRICT_OBJC_MSGSEND = YES;
				GCC_C_LANGUAGE_STANDARD = gnu11;
				GCC_NO_COMMON_BLOCKS = YES;
				GCC_WARN_64_TO_32_BIT_CONVERSION = YES;
				GCC_WARN_ABOUT_RETURN_TYPE = YES_ERROR;
				GCC_WARN_UNDECLARED_SELECTOR = YES;
				GCC_WARN_UNINITIALIZED_AUTOS = YES_AGGRESSIVE;
				GCC_WARN_UNUSED_FUNCTION = YES;
				GCC_WARN_UNUSED_VARIABLE = YES;
				MTL_ENABLE_DEBUG_INFO = NO;
				MTL_FAST_MATH = YES;
				SWIFT_COMPILATION_MODE = wholemodule;
				SWIFT_OPTIMIZATION_LEVEL = "-O";
			};
			name = Release;
		};
		144D081D284D34E50005F0C6 /* Debug */ = {
			isa = XCBuildConfiguration;
			baseConfigurationReference = 9D37FF4B3753588E4D831EFA /* Pods-rejseprofil (iOS).debug.xcconfig */;
			buildSettings = {
				ASSETCATALOG_COMPILER_APPICON_NAME = AppIcon;
				ASSETCATALOG_COMPILER_GLOBAL_ACCENT_COLOR_NAME = AccentColor;
				CODE_SIGN_STYLE = Automatic;
				CURRENT_PROJECT_VERSION = 1;
				DEVELOPMENT_TEAM = A9Q5VPE9WX;
				ENABLE_PREVIEWS = YES;
				GENERATE_INFOPLIST_FILE = YES;
				INFOPLIST_KEY_UIApplicationSceneManifest_Generation = YES;
				INFOPLIST_KEY_UIApplicationSupportsIndirectInputEvents = YES;
				INFOPLIST_KEY_UILaunchScreen_Generation = YES;
				INFOPLIST_KEY_UISupportedInterfaceOrientations_iPad = "UIInterfaceOrientationPortrait UIInterfaceOrientationPortraitUpsideDown UIInterfaceOrientationLandscapeLeft UIInterfaceOrientationLandscapeRight";
				INFOPLIST_KEY_UISupportedInterfaceOrientations_iPhone = "UIInterfaceOrientationPortrait UIInterfaceOrientationLandscapeLeft UIInterfaceOrientationLandscapeRight";
				IPHONEOS_DEPLOYMENT_TARGET = 15.4;
				LD_RUNPATH_SEARCH_PATHS = (
					"$(inherited)",
					"@executable_path/Frameworks",
				);
				MARKETING_VERSION = 1.0;
				PRODUCT_BUNDLE_IDENTIFIER = com.eopio.rejseprofil;
				PRODUCT_NAME = rejseprofil;
				SDKROOT = iphoneos;
				SWIFT_EMIT_LOC_STRINGS = YES;
				SWIFT_VERSION = 5.0;
				TARGETED_DEVICE_FAMILY = "1,2";
			};
			name = Debug;
		};
		144D081E284D34E50005F0C6 /* Release */ = {
			isa = XCBuildConfiguration;
			baseConfigurationReference = 04EBA0C54089AC4813F03D30 /* Pods-rejseprofil (iOS).release.xcconfig */;
			buildSettings = {
				ASSETCATALOG_COMPILER_APPICON_NAME = AppIcon;
				ASSETCATALOG_COMPILER_GLOBAL_ACCENT_COLOR_NAME = AccentColor;
				CODE_SIGN_STYLE = Automatic;
				CURRENT_PROJECT_VERSION = 1;
				DEVELOPMENT_TEAM = A9Q5VPE9WX;
				ENABLE_PREVIEWS = YES;
				GENERATE_INFOPLIST_FILE = YES;
				INFOPLIST_KEY_UIApplicationSceneManifest_Generation = YES;
				INFOPLIST_KEY_UIApplicationSupportsIndirectInputEvents = YES;
				INFOPLIST_KEY_UILaunchScreen_Generation = YES;
				INFOPLIST_KEY_UISupportedInterfaceOrientations_iPad = "UIInterfaceOrientationPortrait UIInterfaceOrientationPortraitUpsideDown UIInterfaceOrientationLandscapeLeft UIInterfaceOrientationLandscapeRight";
				INFOPLIST_KEY_UISupportedInterfaceOrientations_iPhone = "UIInterfaceOrientationPortrait UIInterfaceOrientationLandscapeLeft UIInterfaceOrientationLandscapeRight";
				IPHONEOS_DEPLOYMENT_TARGET = 15.4;
				LD_RUNPATH_SEARCH_PATHS = (
					"$(inherited)",
					"@executable_path/Frameworks",
				);
				MARKETING_VERSION = 1.0;
				PRODUCT_BUNDLE_IDENTIFIER = com.eopio.rejseprofil;
				PRODUCT_NAME = rejseprofil;
				SDKROOT = iphoneos;
				SWIFT_EMIT_LOC_STRINGS = YES;
				SWIFT_VERSION = 5.0;
				TARGETED_DEVICE_FAMILY = "1,2";
				VALIDATE_PRODUCT = YES;
			};
			name = Release;
		};
		144D0820284D34E50005F0C6 /* Debug */ = {
			isa = XCBuildConfiguration;
			baseConfigurationReference = E0082ACF185FB93B75C438EB /* Pods-rejseprofil (macOS).debug.xcconfig */;
			buildSettings = {
				ASSETCATALOG_COMPILER_APPICON_NAME = AppIcon;
				ASSETCATALOG_COMPILER_GLOBAL_ACCENT_COLOR_NAME = AccentColor;
				CODE_SIGN_ENTITLEMENTS = macOS/macOS.entitlements;
				CODE_SIGN_STYLE = Automatic;
				COMBINE_HIDPI_IMAGES = YES;
				CURRENT_PROJECT_VERSION = 1;
				DEVELOPMENT_TEAM = A9Q5VPE9WX;
				ENABLE_HARDENED_RUNTIME = YES;
				ENABLE_PREVIEWS = YES;
				GENERATE_INFOPLIST_FILE = YES;
				INFOPLIST_KEY_NSHumanReadableCopyright = "";
				LD_RUNPATH_SEARCH_PATHS = (
					"$(inherited)",
					"@executable_path/../Frameworks",
				);
				MACOSX_DEPLOYMENT_TARGET = 12.3;
				MARKETING_VERSION = 1.0;
				PRODUCT_BUNDLE_IDENTIFIER = com.eopio.rejseprofil;
				PRODUCT_NAME = rejseprofil;
				SDKROOT = macosx;
				SWIFT_EMIT_LOC_STRINGS = YES;
				SWIFT_VERSION = 5.0;
			};
			name = Debug;
		};
		144D0821284D34E50005F0C6 /* Release */ = {
			isa = XCBuildConfiguration;
			baseConfigurationReference = B962433F36593D3D43F70E03 /* Pods-rejseprofil (macOS).release.xcconfig */;
			buildSettings = {
				ASSETCATALOG_COMPILER_APPICON_NAME = AppIcon;
				ASSETCATALOG_COMPILER_GLOBAL_ACCENT_COLOR_NAME = AccentColor;
				CODE_SIGN_ENTITLEMENTS = macOS/macOS.entitlements;
				CODE_SIGN_STYLE = Automatic;
				COMBINE_HIDPI_IMAGES = YES;
				CURRENT_PROJECT_VERSION = 1;
				DEVELOPMENT_TEAM = A9Q5VPE9WX;
				ENABLE_HARDENED_RUNTIME = YES;
				ENABLE_PREVIEWS = YES;
				GENERATE_INFOPLIST_FILE = YES;
				INFOPLIST_KEY_NSHumanReadableCopyright = "";
				LD_RUNPATH_SEARCH_PATHS = (
					"$(inherited)",
					"@executable_path/../Frameworks",
				);
				MACOSX_DEPLOYMENT_TARGET = 12.3;
				MARKETING_VERSION = 1.0;
				PRODUCT_BUNDLE_IDENTIFIER = com.eopio.rejseprofil;
				PRODUCT_NAME = rejseprofil;
				SDKROOT = macosx;
				SWIFT_EMIT_LOC_STRINGS = YES;
				SWIFT_VERSION = 5.0;
			};
			name = Release;
		};
		144D0823284D34E50005F0C6 /* Debug */ = {
			isa = XCBuildConfiguration;
			buildSettings = {
				ALWAYS_EMBED_SWIFT_STANDARD_LIBRARIES = YES;
				CODE_SIGN_STYLE = Automatic;
				CURRENT_PROJECT_VERSION = 1;
				DEVELOPMENT_TEAM = A9Q5VPE9WX;
				GENERATE_INFOPLIST_FILE = YES;
				IPHONEOS_DEPLOYMENT_TARGET = 15.4;
				MARKETING_VERSION = 1.0;
				PRODUCT_BUNDLE_IDENTIFIER = "com.eopio.Tests-iOS";
				PRODUCT_NAME = "$(TARGET_NAME)";
				SDKROOT = iphoneos;
				SWIFT_EMIT_LOC_STRINGS = NO;
				SWIFT_VERSION = 5.0;
				TARGETED_DEVICE_FAMILY = "1,2";
				TEST_TARGET_NAME = "rejseprofil (iOS)";
			};
			name = Debug;
		};
		144D0824284D34E50005F0C6 /* Release */ = {
			isa = XCBuildConfiguration;
			buildSettings = {
				ALWAYS_EMBED_SWIFT_STANDARD_LIBRARIES = YES;
				CODE_SIGN_STYLE = Automatic;
				CURRENT_PROJECT_VERSION = 1;
				DEVELOPMENT_TEAM = A9Q5VPE9WX;
				GENERATE_INFOPLIST_FILE = YES;
				IPHONEOS_DEPLOYMENT_TARGET = 15.4;
				MARKETING_VERSION = 1.0;
				PRODUCT_BUNDLE_IDENTIFIER = "com.eopio.Tests-iOS";
				PRODUCT_NAME = "$(TARGET_NAME)";
				SDKROOT = iphoneos;
				SWIFT_EMIT_LOC_STRINGS = NO;
				SWIFT_VERSION = 5.0;
				TARGETED_DEVICE_FAMILY = "1,2";
				TEST_TARGET_NAME = "rejseprofil (iOS)";
				VALIDATE_PRODUCT = YES;
			};
			name = Release;
		};
		144D0826284D34E50005F0C6 /* Debug */ = {
			isa = XCBuildConfiguration;
			buildSettings = {
				ALWAYS_EMBED_SWIFT_STANDARD_LIBRARIES = YES;
				CODE_SIGN_STYLE = Automatic;
				CURRENT_PROJECT_VERSION = 1;
				DEVELOPMENT_TEAM = A9Q5VPE9WX;
				GENERATE_INFOPLIST_FILE = YES;
				MACOSX_DEPLOYMENT_TARGET = 12.3;
				MARKETING_VERSION = 1.0;
				PRODUCT_BUNDLE_IDENTIFIER = "com.eopio.Tests-macOS";
				PRODUCT_NAME = "$(TARGET_NAME)";
				SDKROOT = macosx;
				SWIFT_EMIT_LOC_STRINGS = NO;
				SWIFT_VERSION = 5.0;
				TEST_TARGET_NAME = "rejseprofil (macOS)";
			};
			name = Debug;
		};
		144D0827284D34E50005F0C6 /* Release */ = {
			isa = XCBuildConfiguration;
			buildSettings = {
				ALWAYS_EMBED_SWIFT_STANDARD_LIBRARIES = YES;
				CODE_SIGN_STYLE = Automatic;
				CURRENT_PROJECT_VERSION = 1;
				DEVELOPMENT_TEAM = A9Q5VPE9WX;
				GENERATE_INFOPLIST_FILE = YES;
				MACOSX_DEPLOYMENT_TARGET = 12.3;
				MARKETING_VERSION = 1.0;
				PRODUCT_BUNDLE_IDENTIFIER = "com.eopio.Tests-macOS";
				PRODUCT_NAME = "$(TARGET_NAME)";
				SDKROOT = macosx;
				SWIFT_EMIT_LOC_STRINGS = NO;
				SWIFT_VERSION = 5.0;
				TEST_TARGET_NAME = "rejseprofil (macOS)";
			};
			name = Release;
		};
/* End XCBuildConfiguration section */

/* Begin XCConfigurationList section */
		144D07EA284D34E00005F0C6 /* Build configuration list for PBXProject "rejseprofil" */ = {
			isa = XCConfigurationList;
			buildConfigurations = (
				144D081A284D34E50005F0C6 /* Debug */,
				144D081B284D34E50005F0C6 /* Release */,
			);
			defaultConfigurationIsVisible = 0;
			defaultConfigurationName = Release;
		};
		144D081C284D34E50005F0C6 /* Build configuration list for PBXNativeTarget "rejseprofil (iOS)" */ = {
			isa = XCConfigurationList;
			buildConfigurations = (
				144D081D284D34E50005F0C6 /* Debug */,
				144D081E284D34E50005F0C6 /* Release */,
			);
			defaultConfigurationIsVisible = 0;
			defaultConfigurationName = Release;
		};
		144D081F284D34E50005F0C6 /* Build configuration list for PBXNativeTarget "rejseprofil (macOS)" */ = {
			isa = XCConfigurationList;
			buildConfigurations = (
				144D0820284D34E50005F0C6 /* Debug */,
				144D0821284D34E50005F0C6 /* Release */,
			);
			defaultConfigurationIsVisible = 0;
			defaultConfigurationName = Release;
		};
		144D0822284D34E50005F0C6 /* Build configuration list for PBXNativeTarget "Tests iOS" */ = {
			isa = XCConfigurationList;
			buildConfigurations = (
				144D0823284D34E50005F0C6 /* Debug */,
				144D0824284D34E50005F0C6 /* Release */,
			);
			defaultConfigurationIsVisible = 0;
			defaultConfigurationName = Release;
		};
		144D0825284D34E50005F0C6 /* Build configuration list for PBXNativeTarget "Tests macOS" */ = {
			isa = XCConfigurationList;
			buildConfigurations = (
				144D0826284D34E50005F0C6 /* Debug */,
				144D0827284D34E50005F0C6 /* Release */,
			);
			defaultConfigurationIsVisible = 0;
			defaultConfigurationName = Release;
		};
/* End XCConfigurationList section */
	};
	rootObject = 144D07E7284D34E00005F0C6 /* Project object */;
}
