PODS:
  - Alamofire (5.7.1)
  - Introspect (0.6.2)

DEPENDENCIES:
  - Alamofire
  - Introspect

SPEC REPOS:
  trunk:
    - Alamofire
    - Introspect

SPEC CHECKSUMS:
  Alamofire: 0123a34370cb170936ae79a8df46cc62b2edeb88
  Introspect: f80afac3cf8ff466700413368a5a2339144f71ce

PODFILE CHECKSUM: e713ece6d09a10743e1f1252fa311bd1bb35ba4c

COCOAPODS: 1.12.1
